
Microsoft Visual Studio Solution File, Format Version 12.00
# Visual Studio Version 17
VisualStudioVersion = 17.2.32630.192
MinimumVisualStudioVersion = 10.0.40219.1
Project("{FAE04EC0-301F-11D3-BF4B-00C04F79EFBC}") = "ProgressBar_Desktop", "ProgressBar_Desktop\ProgressBar_Desktop.csproj", "{470E43E3-236C-46C2-B9D9-EBF138F4412F}"
EndProject
Global
	GlobalSection(SolutionConfigurationPlatforms) = preSolution
		Debug|Any CPU = Debug|Any CPU
		Release|Any CPU = Release|Any CPU
	EndGlobalSection
	GlobalSection(ProjectConfigurationPlatforms) = postSolution
		{470E43E3-236C-46C2-B9D9-EBF138F4412F}.Debug|Any CPU.ActiveCfg = Debug|Any CPU
		{470E43E3-236C-46C2-B9D9-EBF138F4412F}.Debug|Any CPU.Build.0 = Debug|Any CPU
		{470E43E3-236C-46C2-B9D9-EBF138F4412F}.Release|Any CPU.ActiveCfg = Release|Any CPU
		{470E43E3-236C-46C2-B9D9-EBF138F4412F}.Release|Any CPU.Build.0 = Release|Any CPU
	EndGlobalSection
	GlobalSection(SolutionProperties) = preSolution
		HideSolutionNode = FALSE
	EndGlobalSection
	GlobalSection(ExtensibilityGlobals) = postSolution
		SolutionGuid = {5184BE08-EE74-4E3D-8A33-81878B3ACEC9}
	EndGlobalSection
EndGlobal
